
Microsoft Visual Studio Solution File, Format Version 12.00
# Visual Studio Version 17
VisualStudioVersion = 17.11.35312.102
MinimumVisualStudioVersion = 10.0.40219.1
Project("{FAE04EC0-301F-11D3-BF4B-00C04F79EFBC}") = "BelaEstilo.Web", "BelaEstilo.Web\BelaEstilo.Web.csproj", "{0B0D420D-B9CD-48CE-94E8-62F1A9E5C4B6}"
EndProject
Project("{FAE04EC0-301F-11D3-BF4B-00C04F79EFBC}") = "BelaEstilo.Application", "BelaEstilo.Application\BelaEstilo.Application.csproj", "{A4B61947-329C-4069-9820-306A8B103910}"
EndProject
Project("{FAE04EC0-301F-11D3-BF4B-00C04F79EFBC}") = "BelaEstilo.Infraestructure", "BelaEstilo.Infraestructure\BelaEstilo.Infraestructure.csproj", "{59C056B4-4F9A-4A01-ACAC-C2DDD9DAD0CD}"
EndProject
Global
	GlobalSection(SolutionConfigurationPlatforms) = preSolution
		Debug|Any CPU = Debug|Any CPU
		Release|Any CPU = Release|Any CPU
	EndGlobalSection
	GlobalSection(ProjectConfigurationPlatforms) = postSolution
		{0B0D420D-B9CD-48CE-94E8-62F1A9E5C4B6}.Debug|Any CPU.ActiveCfg = Debug|Any CPU
		{0B0D420D-B9CD-48CE-94E8-62F1A9E5C4B6}.Debug|Any CPU.Build.0 = Debug|Any CPU
		{0B0D420D-B9CD-48CE-94E8-62F1A9E5C4B6}.Release|Any CPU.ActiveCfg = Release|Any CPU
		{0B0D420D-B9CD-48CE-94E8-62F1A9E5C4B6}.Release|Any CPU.Build.0 = Release|Any CPU
		{A4B61947-329C-4069-9820-306A8B103910}.Debug|Any CPU.ActiveCfg = Debug|Any CPU
		{A4B61947-329C-4069-9820-306A8B103910}.Debug|Any CPU.Build.0 = Debug|Any CPU
		{A4B61947-329C-4069-9820-306A8B103910}.Release|Any CPU.ActiveCfg = Release|Any CPU
		{A4B61947-329C-4069-9820-306A8B103910}.Release|Any CPU.Build.0 = Release|Any CPU
		{59C056B4-4F9A-4A01-ACAC-C2DDD9DAD0CD}.Debug|Any CPU.ActiveCfg = Debug|Any CPU
		{59C056B4-4F9A-4A01-ACAC-C2DDD9DAD0CD}.Debug|Any CPU.Build.0 = Debug|Any CPU
		{59C056B4-4F9A-4A01-ACAC-C2DDD9DAD0CD}.Release|Any CPU.ActiveCfg = Release|Any CPU
		{59C056B4-4F9A-4A01-ACAC-C2DDD9DAD0CD}.Release|Any CPU.Build.0 = Release|Any CPU
	EndGlobalSection
	GlobalSection(SolutionProperties) = preSolution
		HideSolutionNode = FALSE
	EndGlobalSection
	GlobalSection(ExtensibilityGlobals) = postSolution
		SolutionGuid = {89055603-9979-4C94-A0FD-7FB4F2B1FDC6}
	EndGlobalSection
EndGlobal
